Microsoft Visual Studio Solution File, Format Version 11.00
# Visual Studio 2008

Project("{4D326C38-4673-9BBE-C904-4948E1FF41A3}") = "BM3", "Assembly-CSharp-firstpass-vs.csproj", "{43D61F62-2305-EBF0-82F5-94E943E2FE5F}"
EndProject
Project("{4D326C38-4673-9BBE-C904-4948E1FF41A3}") = "BM3", "Assembly-CSharp-vs.csproj", "{2C3C30DF-F5A8-1185-A339-BA7B50A4F865}"
EndProject
Project("{4D326C38-4673-9BBE-C904-4948E1FF41A3}") = "BM3", "Assembly-CSharp-Editor-vs.csproj", "{59BD0FF7-4EE0-80FE-B1E3-68F2F70B6618}"
EndProject
Global
	GlobalSection(SolutionConfigurationPlatforms) = preSolution
		Debug|Any CPU = Debug|Any CPU
		Release|Any CPU = Release|Any CPU
	EndGlobalSection
	GlobalSection(ProjectConfigurationPlatforms) = postSolution
		{43D61F62-2305-EBF0-82F5-94E943E2FE5F}.Debug|Any CPU.ActiveCfg = Debug|Any CPU
		{43D61F62-2305-EBF0-82F5-94E943E2FE5F}.Debug|Any CPU.Build.0 = Debug|Any CPU
		{43D61F62-2305-EBF0-82F5-94E943E2FE5F}.Release|Any CPU.ActiveCfg = Release|Any CPU
		{43D61F62-2305-EBF0-82F5-94E943E2FE5F}.Release|Any CPU.Build.0 = Release|Any CPU
		{2C3C30DF-F5A8-1185-A339-BA7B50A4F865}.Debug|Any CPU.ActiveCfg = Debug|Any CPU
		{2C3C30DF-F5A8-1185-A339-BA7B50A4F865}.Debug|Any CPU.Build.0 = Debug|Any CPU
		{2C3C30DF-F5A8-1185-A339-BA7B50A4F865}.Release|Any CPU.ActiveCfg = Release|Any CPU
		{2C3C30DF-F5A8-1185-A339-BA7B50A4F865}.Release|Any CPU.Build.0 = Release|Any CPU
		{59BD0FF7-4EE0-80FE-B1E3-68F2F70B6618}.Debug|Any CPU.ActiveCfg = Debug|Any CPU
		{59BD0FF7-4EE0-80FE-B1E3-68F2F70B6618}.Debug|Any CPU.Build.0 = Debug|Any CPU
		{59BD0FF7-4EE0-80FE-B1E3-68F2F70B6618}.Release|Any CPU.ActiveCfg = Release|Any CPU
		{59BD0FF7-4EE0-80FE-B1E3-68F2F70B6618}.Release|Any CPU.Build.0 = Release|Any CPU
	EndGlobalSection
	GlobalSection(SolutionProperties) = preSolution
		HideSolutionNode = FALSE
	EndGlobalSection
																																																																																																																																																																																																																																																																																																																																																														GlobalSection(MonoDevelopProperties) = preSolution
		StartupItem = Assembly-CSharp.csproj
		Policies = $0
		$0.TextStylePolicy = $1
		$1.inheritsSet = null
		$1.scope = text/x-csharp
		$0.CSharpFormattingPolicy = $2
		$2.inheritsSet = Mono
		$2.inheritsScope = text/x-csharp
		$2.scope = text/x-csharp
		$0.TextStylePolicy = $3
		$3.FileWidth = 120
		$3.TabWidth = 4
		$3.EolMarker = Unix
		$3.inheritsSet = Mono
		$3.inheritsScope = text/plain
		$3.scope = text/plain
	EndGlobalSection

EndGlobal
